
Microsoft Visual Studio Solution File, Format Version 12.00
# Visual Studio Version 17
VisualStudioVersion = 17.0.31903.59
MinimumVisualStudioVersion = 10.0.40219.1
Project("{FAE04EC0-301F-11D3-BF4B-00C04F79EFBC}") = "SpatialCheckProMax", "SpatialCheckProMax\SpatialCheckProMax.csproj", "{5E34AABB-E3FA-4F1C-966B-4FC6D4682D45}"
EndProject
Project("{FAE04EC0-301F-11D3-BF4B-00C04F79EFBC}") = "SpatialCheckProMax.GUI", "SpatialCheckProMax.GUI\SpatialCheckProMax.GUI.csproj", "{A1B2C3D4-E5F6-7890-ABCD-EF1234567890}"
EndProject
Project("{FAE04EC0-301F-11D3-BF4B-00C04F79EFBC}") = "SpatialCheckProMax.Tests", "SpatialCheckProMax.Tests\SpatialCheckProMax.Tests.csproj", "{382C4C2F-F74F-4492-B3EF-B5AF69AC0568}"
EndProject
Project("{FAE04EC0-301F-11D3-BF4B-00C04F79EFBC}") = "SpatialCheckProMax.Api", "SpatialCheckProMax.Api\SpatialCheckProMax.Api.csproj", "{B7C8D9E0-F1A2-3456-789A-BCDEF0123456}"
EndProject
Global
	GlobalSection(SolutionConfigurationPlatforms) = preSolution
		Debug|Any CPU = Debug|Any CPU
		Debug|x64 = Debug|x64
		Debug|x86 = Debug|x86
		Release|Any CPU = Release|Any CPU
		Release|x64 = Release|x64
		Release|x86 = Release|x86
	EndGlobalSection
	GlobalSection(ProjectConfigurationPlatforms) = postSolution
		{5E34AABB-E3FA-4F1C-966B-4FC6D4682D45}.Debug|Any CPU.ActiveCfg = Debug|Any CPU
		{5E34AABB-E3FA-4F1C-966B-4FC6D4682D45}.Debug|Any CPU.Build.0 = Debug|Any CPU
		{5E34AABB-E3FA-4F1C-966B-4FC6D4682D45}.Debug|x64.ActiveCfg = Debug|Any CPU
		{5E34AABB-E3FA-4F1C-966B-4FC6D4682D45}.Debug|x64.Build.0 = Debug|Any CPU
		{5E34AABB-E3FA-4F1C-966B-4FC6D4682D45}.Debug|x86.ActiveCfg = Debug|Any CPU
		{5E34AABB-E3FA-4F1C-966B-4FC6D4682D45}.Debug|x86.Build.0 = Debug|Any CPU
		{5E34AABB-E3FA-4F1C-966B-4FC6D4682D45}.Release|Any CPU.ActiveCfg = Release|Any CPU
		{5E34AABB-E3FA-4F1C-966B-4FC6D4682D45}.Release|Any CPU.Build.0 = Release|Any CPU
		{5E34AABB-E3FA-4F1C-966B-4FC6D4682D45}.Release|x64.ActiveCfg = Release|Any CPU
		{5E34AABB-E3FA-4F1C-966B-4FC6D4682D45}.Release|x64.Build.0 = Release|Any CPU
		{5E34AABB-E3FA-4F1C-966B-4FC6D4682D45}.Release|x86.ActiveCfg = Release|Any CPU
		{5E34AABB-E3FA-4F1C-966B-4FC6D4682D45}.Release|x86.Build.0 = Release|Any CPU
		{A1B2C3D4-E5F6-7890-ABCD-EF1234567890}.Debug|Any CPU.ActiveCfg = Debug|Any CPU
		{A1B2C3D4-E5F6-7890-ABCD-EF1234567890}.Debug|Any CPU.Build.0 = Debug|Any CPU
		{A1B2C3D4-E5F6-7890-ABCD-EF1234567890}.Debug|x64.ActiveCfg = Debug|Any CPU
		{A1B2C3D4-E5F6-7890-ABCD-EF1234567890}.Debug|x64.Build.0 = Debug|Any CPU
		{A1B2C3D4-E5F6-7890-ABCD-EF1234567890}.Debug|x86.ActiveCfg = Debug|Any CPU
		{A1B2C3D4-E5F6-7890-ABCD-EF1234567890}.Debug|x86.Build.0 = Debug|Any CPU
		{A1B2C3D4-E5F6-7890-ABCD-EF1234567890}.Release|Any CPU.ActiveCfg = Release|Any CPU
		{A1B2C3D4-E5F6-7890-ABCD-EF1234567890}.Release|Any CPU.Build.0 = Release|Any CPU
		{A1B2C3D4-E5F6-7890-ABCD-EF1234567890}.Release|x64.ActiveCfg = Release|Any CPU
		{A1B2C3D4-E5F6-7890-ABCD-EF1234567890}.Release|x64.Build.0 = Release|Any CPU
		{A1B2C3D4-E5F6-7890-ABCD-EF1234567890}.Release|x86.ActiveCfg = Release|Any CPU
		{A1B2C3D4-E5F6-7890-ABCD-EF1234567890}.Release|x86.Build.0 = Release|Any CPU
		{382C4C2F-F74F-4492-B3EF-B5AF69AC0568}.Debug|Any CPU.ActiveCfg = Debug|Any CPU
		{382C4C2F-F74F-4492-B3EF-B5AF69AC0568}.Debug|Any CPU.Build.0 = Debug|Any CPU
		{382C4C2F-F74F-4492-B3EF-B5AF69AC0568}.Debug|x64.ActiveCfg = Debug|Any CPU
		{382C4C2F-F74F-4492-B3EF-B5AF69AC0568}.Debug|x64.Build.0 = Debug|Any CPU
		{382C4C2F-F74F-4492-B3EF-B5AF69AC0568}.Debug|x86.ActiveCfg = Debug|Any CPU
		{382C4C2F-F74F-4492-B3EF-B5AF69AC0568}.Debug|x86.Build.0 = Debug|Any CPU
		{382C4C2F-F74F-4492-B3EF-B5AF69AC0568}.Release|Any CPU.ActiveCfg = Release|Any CPU
		{382C4C2F-F74F-4492-B3EF-B5AF69AC0568}.Release|Any CPU.Build.0 = Release|Any CPU
		{382C4C2F-F74F-4492-B3EF-B5AF69AC0568}.Release|x64.ActiveCfg = Release|Any CPU
		{382C4C2F-F74F-4492-B3EF-B5AF69AC0568}.Release|x64.Build.0 = Release|Any CPU
		{382C4C2F-F74F-4492-B3EF-B5AF69AC0568}.Release|x86.ActiveCfg = Release|Any CPU
		{382C4C2F-F74F-4492-B3EF-B5AF69AC0568}.Release|x86.Build.0 = Release|Any CPU
		{B7C8D9E0-F1A2-3456-789A-BCDEF0123456}.Debug|Any CPU.ActiveCfg = Debug|Any CPU
		{B7C8D9E0-F1A2-3456-789A-BCDEF0123456}.Debug|Any CPU.Build.0 = Debug|Any CPU
		{B7C8D9E0-F1A2-3456-789A-BCDEF0123456}.Debug|x64.ActiveCfg = Debug|Any CPU
		{B7C8D9E0-F1A2-3456-789A-BCDEF0123456}.Debug|x64.Build.0 = Debug|Any CPU
		{B7C8D9E0-F1A2-3456-789A-BCDEF0123456}.Debug|x86.ActiveCfg = Debug|Any CPU
		{B7C8D9E0-F1A2-3456-789A-BCDEF0123456}.Debug|x86.Build.0 = Debug|Any CPU
		{B7C8D9E0-F1A2-3456-789A-BCDEF0123456}.Release|Any CPU.ActiveCfg = Release|Any CPU
		{B7C8D9E0-F1A2-3456-789A-BCDEF0123456}.Release|Any CPU.Build.0 = Release|Any CPU
		{B7C8D9E0-F1A2-3456-789A-BCDEF0123456}.Release|x64.ActiveCfg = Release|Any CPU
		{B7C8D9E0-F1A2-3456-789A-BCDEF0123456}.Release|x64.Build.0 = Release|Any CPU
		{B7C8D9E0-F1A2-3456-789A-BCDEF0123456}.Release|x86.ActiveCfg = Release|Any CPU
		{B7C8D9E0-F1A2-3456-789A-BCDEF0123456}.Release|x86.Build.0 = Release|Any CPU
	EndGlobalSection
	GlobalSection(SolutionProperties) = preSolution
		HideSolutionNode = FALSE
	EndGlobalSection
EndGlobal

